<?xml version="1.0" encoding="utf-8"?>
<Project ToolsVersion="4.0" xmlns="http://schemas.microsoft.com/developer/msbuild/2003">
  <ItemGroup>
    <Filter Include="소스 파일">
      <UniqueIdentifier>{4FC737F1-C7A5-4376-A066-2A32D752A2FF}</UniqueIdentifier>
      <Extensions>cpp;c;cc;cxx;c++;def;odl;idl;hpj;bat;asm;asmx</Extensions>
    </Filter>
    <Filter Include="헤더 파일">
      <UniqueIdentifier>{93995380-89BD-4b04-88EB-625FBE52EBFB}</UniqueIdentifier>
      <Extensions>h;hh;hpp;hxx;h++;hm;inl;inc;ipp;xsd</Extensions>
    </Filter>
    <Filter Include="리소스 파일">
      <UniqueIdentifier>{67DA6AB6-F800-4c08-8B7A-83BB121AAD01}</UniqueIdentifier>
      <Extensions>rc;ico;cur;bmp;dlg;rc2;rct;bin;rgs;gif;jpg;jpeg;jpe;resx;tiff;tif;png;wav;mfcribbon-ms</Extensions>
    </Filter>
    <Filter Include="소스 파일\kakao_past">
      <UniqueIdentifier>{9df3f9a0-24a2-46e0-b081-f450d42ce142}</UniqueIdentifier>
    </Filter>
    <Filter Include="소스 파일\bakjun">
      <UniqueIdentifier>{97ad10a1-ea55-40be-a909-79ca6b9e5065}</UniqueIdentifier>
    </Filter>
    <Filter Include="소스 파일\programers">
      <UniqueIdentifier>{40fd5840-a8c6-4228-a2cf-72112518204c}</UniqueIdentifier>
    </Filter>
    <Filter Include="소스 파일\2020_kakao_internship">
      <UniqueIdentifier>{4abac3d1-0956-4c9d-9ae5-1ec46516d512}</UniqueIdentifier>
    </Filter>
    <Filter Include="소스 파일\bakjun\문자열">
      <UniqueIdentifier>{7b746333-3537-4aa3-bd1a-ee7a354f6cb4}</UniqueIdentifier>
    </Filter>
    <Filter Include="소스 파일\bakjun\정렬">
      <UniqueIdentifier>{42a6b99a-4417-4cfd-9398-01367876ebf8}</UniqueIdentifier>
    </Filter>
    <Filter Include="소스 파일\bakjun\이분탐색">
      <UniqueIdentifier>{cb1a1ca4-df28-403e-9328-4660963643fc}</UniqueIdentifier>
    </Filter>
    <Filter Include="소스 파일\bakjun\슬라이딩윈도우">
      <UniqueIdentifier>{a22783ca-46fd-4827-a484-81f6e391a9f9}</UniqueIdentifier>
    </Filter>
    <Filter Include="소스 파일\midas_codingTest">
      <UniqueIdentifier>{f2465eb8-44cd-4c40-8c10-9587ef57dc65}</UniqueIdentifier>
    </Filter>
    <Filter Include="소스 파일\bakjun\BFS">
      <UniqueIdentifier>{c36bd06d-70e6-4d5d-8db4-fb769b09dc31}</UniqueIdentifier>
    </Filter>
    <Filter Include="소스 파일\bakjun\브루트포스">
      <UniqueIdentifier>{05a66d1a-8b25-4be1-b58f-52a89f6a8ecc}</UniqueIdentifier>
    </Filter>
    <Filter Include="소스 파일\cote-study">
      <UniqueIdentifier>{be190c40-ed23-49a4-841f-2f2f0cdebd13}</UniqueIdentifier>
    </Filter>
    <Filter Include="소스 파일\cote-study\01">
      <UniqueIdentifier>{0855e753-a99d-4c85-98a6-30e1b0a55a84}</UniqueIdentifier>
    </Filter>
    <Filter Include="소스 파일\cote-study\02">
      <UniqueIdentifier>{181a3a5a-0e4d-4bf7-98c0-df07d1f4a863}</UniqueIdentifier>
    </Filter>
    <Filter Include="소스 파일\2020_toss_server">
      <UniqueIdentifier>{39188337-6b16-430b-8e2d-59dceeb234e6}</UniqueIdentifier>
    </Filter>
    <Filter Include="소스 파일\cote-study\03">
      <UniqueIdentifier>{38810340-7241-4e0b-95a5-8cc2b6b64060}</UniqueIdentifier>
    </Filter>
    <Filter Include="소스 파일\cote-study\04">
      <UniqueIdentifier>{e7b2db0f-6b2f-4869-ae73-c0298d12490c}</UniqueIdentifier>
    </Filter>
    <Filter Include="소스 파일\cote-study\05">
      <UniqueIdentifier>{eb324e47-7adf-4455-966d-2ef4476a3604}</UniqueIdentifier>
    </Filter>
    <Filter Include="소스 파일\2020_ebay">
      <UniqueIdentifier>{50252d68-2290-49c9-9f6f-752856aa982c}</UniqueIdentifier>
    </Filter>
    <Filter Include="소스 파일\2020_kakao_blind">
      <UniqueIdentifier>{84a84929-eb4a-4e4b-b4fe-0be4c1875f0c}</UniqueIdentifier>
    </Filter>
    <Filter Include="소스 파일\2020_LINE">
      <UniqueIdentifier>{deb507f5-d029-45d5-ab26-4e786275f5a0}</UniqueIdentifier>
    </Filter>
    <Filter Include="소스 파일\bakjun\구현">
      <UniqueIdentifier>{75d7284c-0533-4d2d-aa96-eed375c766cd}</UniqueIdentifier>
    </Filter>
    <Filter Include="소스 파일\cote-study\06">
      <UniqueIdentifier>{c6f41462-8837-4883-a998-9e06dab87753}</UniqueIdentifier>
    </Filter>
    <Filter Include="소스 파일\cote-study\07">
      <UniqueIdentifier>{f7acd756-b741-42b2-a6ec-42ba8f393657}</UniqueIdentifier>
    </Filter>
    <Filter Include="소스 파일\cote-study\08-re">
      <UniqueIdentifier>{71b1f0f7-b1b3-43fc-aae8-776a67e7c1d6}</UniqueIdentifier>
    </Filter>
    <Filter Include="소스 파일\cote-study\09">
      <UniqueIdentifier>{2def075b-cdb7-4663-af58-b1aa35fc7c2c}</UniqueIdentifier>
    </Filter>
  </ItemGroup>
  <ItemGroup>
    <ClCompile Include="19_candidate.cpp">
      <Filter>소스 파일\kakao_past</Filter>
    </ClCompile>
    <ClCompile Include="20_lock.cpp">
      <Filter>소스 파일\kakao_past</Filter>
    </ClCompile>
    <ClCompile Include="19_winter_banned.cpp">
      <Filter>소스 파일\kakao_past</Filter>
    </ClCompile>
    <ClCompile Include="2455(simul-train).cpp">
      <Filter>소스 파일\bakjun</Filter>
    </ClCompile>
    <ClCompile Include="18_song.cpp">
      <Filter>소스 파일\kakao_past</Filter>
    </ClCompile>
    <ClCompile Include="19_winter_hotelRoom.cpp">
      <Filter>소스 파일\kakao_past</Filter>
    </ClCompile>
    <ClCompile Include="19_winter_bridge.cpp">
      <Filter>소스 파일\kakao_past</Filter>
    </ClCompile>
    <ClCompile Include="15926(현욱이괄호왕).cpp">
      <Filter>소스 파일\bakjun</Filter>
    </ClCompile>
    <ClCompile Include="1972(놀라운문자열).cpp">
      <Filter>소스 파일\bakjun</Filter>
    </ClCompile>
    <ClCompile Include="test.cpp">
      <Filter>소스 파일\bakjun</Filter>
    </ClCompile>
    <ClCompile Include="2800(괄호제거).cpp">
      <Filter>소스 파일\bakjun</Filter>
    </ClCompile>
    <ClCompile Include="10808(알파벳갯수).cpp">
      <Filter>소스 파일\bakjun</Filter>
    </ClCompile>
    <ClCompile Include="2789(유학금지).cpp">
      <Filter>소스 파일\bakjun</Filter>
    </ClCompile>
    <ClCompile Include="큰수만들기.cpp">
      <Filter>소스 파일\programers</Filter>
    </ClCompile>
    <ClCompile Include="01.cpp">
      <Filter>소스 파일\2020_kakao_internship</Filter>
    </ClCompile>
    <ClCompile Include="02.cpp">
      <Filter>소스 파일\2020_kakao_internship</Filter>
    </ClCompile>
    <ClCompile Include="03.cpp">
      <Filter>소스 파일\2020_kakao_internship</Filter>
    </ClCompile>
    <ClCompile Include="04.cpp">
      <Filter>소스 파일\2020_kakao_internship</Filter>
    </ClCompile>
    <ClCompile Include="05.cpp">
      <Filter>소스 파일\2020_kakao_internship</Filter>
    </ClCompile>
    <ClCompile Include="1475(방번호).cpp">
      <Filter>소스 파일\bakjun\문자열</Filter>
    </ClCompile>
    <ClCompile Include="10989(수정렬하기3).cpp">
      <Filter>소스 파일\bakjun\정렬</Filter>
    </ClCompile>
    <ClCompile Include="2512(예산).cpp">
      <Filter>소스 파일\bakjun\이분탐색</Filter>
    </ClCompile>
    <ClCompile Include="2110(공유기).cpp">
      <Filter>소스 파일\bakjun\이분탐색</Filter>
    </ClCompile>
    <ClCompile Include="1654(랜선자르기).cpp">
      <Filter>소스 파일\bakjun\이분탐색</Filter>
    </ClCompile>
    <ClCompile Include="11003(최솟값찾기).cpp">
      <Filter>소스 파일\bakjun\슬라이딩윈도우</Filter>
    </ClCompile>
    <ClCompile Include="사각형_좌표구하기(비트연산).cpp">
      <Filter>소스 파일\programers</Filter>
    </ClCompile>
    <ClCompile Include="다음큰자연수%282진수처리%29.cpp">
      <Filter>소스 파일\programers</Filter>
    </ClCompile>
    <ClCompile Include="0523_02.cpp">
      <Filter>소스 파일\midas_codingTest</Filter>
    </ClCompile>
    <ClCompile Include="0523_01.cpp">
      <Filter>소스 파일\midas_codingTest</Filter>
    </ClCompile>
    <ClCompile Include="0523_03.cpp">
      <Filter>소스 파일\midas_codingTest</Filter>
    </ClCompile>
    <ClCompile Include="skill2(baseball_game).cpp">
      <Filter>소스 파일\programers</Filter>
    </ClCompile>
    <ClCompile Include="skill2(block).cpp">
      <Filter>소스 파일\programers</Filter>
    </ClCompile>
    <ClCompile Include="skill2(iron_suite).cpp">
      <Filter>소스 파일\programers</Filter>
    </ClCompile>
    <ClCompile Include="skill2(n개_최소공배수)cpp.cpp">
      <Filter>소스 파일\programers</Filter>
    </ClCompile>
    <ClCompile Include="skill2%28최소값최대값%29.cpp">
      <Filter>소스 파일\programers</Filter>
    </ClCompile>
    <ClCompile Include="skill2%28프린터%29.cpp">
      <Filter>소스 파일\programers</Filter>
    </ClCompile>
    <ClCompile Include="skill2%28스킬트리%29-미완성.cpp">
      <Filter>소스 파일\programers</Filter>
    </ClCompile>
    <ClCompile Include="skill2%28기능개발%29-미완성.cpp">
      <Filter>소스 파일\programers</Filter>
    </ClCompile>
    <ClCompile Include="skill2%28조이스틱%29-미완성.cpp">
      <Filter>소스 파일\programers</Filter>
    </ClCompile>
    <ClCompile Include="9996%28한국그리움서버접속%29.cpp">
      <Filter>소스 파일\bakjun\문자열</Filter>
    </ClCompile>
    <ClCompile Include="최솟값만들기.cpp">
      <Filter>소스 파일\programers</Filter>
    </ClCompile>
    <ClCompile Include="skill4(게임맵최단거리).cpp">
      <Filter>소스 파일\programers</Filter>
    </ClCompile>
    <ClCompile Include="2178(미로탐색).cpp">
      <Filter>소스 파일\bakjun\BFS</Filter>
    </ClCompile>
    <ClCompile Include="2667(단지번호붙이기).cpp">
      <Filter>소스 파일\bakjun\BFS</Filter>
    </ClCompile>
    <ClCompile Include="5014(스타트링크).cpp">
      <Filter>소스 파일\bakjun\BFS</Filter>
    </ClCompile>
    <ClCompile Include="14502(연구소).cpp">
      <Filter>소스 파일\bakjun\BFS</Filter>
    </ClCompile>
    <ClCompile Include="1012(유기농배추).cpp">
      <Filter>소스 파일\bakjun\BFS</Filter>
    </ClCompile>
    <ClCompile Include="2798(블랙잭).cpp">
      <Filter>소스 파일\bakjun\브루트포스</Filter>
    </ClCompile>
    <ClCompile Include="7568(덩치).cpp">
      <Filter>소스 파일\bakjun\브루트포스</Filter>
    </ClCompile>
    <ClCompile Include="1018(체스판다시칠하기).cpp">
      <Filter>소스 파일\bakjun\브루트포스</Filter>
    </ClCompile>
    <ClCompile Include="1436((영화감독숌).cpp">
      <Filter>소스 파일\bakjun\브루트포스</Filter>
    </ClCompile>
    <ClCompile Include="bak_14502.cpp">
      <Filter>소스 파일\cote-study\01</Filter>
    </ClCompile>
    <ClCompile Include="bak_1012.cpp">
      <Filter>소스 파일\cote-study\01</Filter>
    </ClCompile>
    <ClCompile Include="bak_1343.cpp">
      <Filter>소스 파일\cote-study\01</Filter>
    </ClCompile>
    <ClCompile Include="bak_1620.cpp">
      <Filter>소스 파일\cote-study\01</Filter>
    </ClCompile>
    <ClCompile Include="bak_2178.cpp">
      <Filter>소스 파일\cote-study\01</Filter>
    </ClCompile>
    <ClCompile Include="bak_2309.cpp">
      <Filter>소스 파일\cote-study\01</Filter>
    </ClCompile>
    <ClCompile Include="bak_2468.cpp">
      <Filter>소스 파일\cote-study\01</Filter>
    </ClCompile>
    <ClCompile Include="bak_2526.cpp">
      <Filter>소스 파일\cote-study\01</Filter>
    </ClCompile>
    <ClCompile Include="bak_2583.cpp">
      <Filter>소스 파일\cote-study\01</Filter>
    </ClCompile>
    <ClCompile Include="bak_2628.cpp">
      <Filter>소스 파일\cote-study\01</Filter>
    </ClCompile>
    <ClCompile Include="bak_2828.cpp">
      <Filter>소스 파일\cote-study\01</Filter>
    </ClCompile>
    <ClCompile Include="bak_2910.cpp">
      <Filter>소스 파일\cote-study\01</Filter>
    </ClCompile>
    <ClCompile Include="bak_2979.cpp">
      <Filter>소스 파일\cote-study\01</Filter>
    </ClCompile>
    <ClCompile Include="bak_3474.cpp">
      <Filter>소스 파일\cote-study\01</Filter>
    </ClCompile>
    <ClCompile Include="bak_4659cpp.cpp">
      <Filter>소스 파일\cote-study\01</Filter>
    </ClCompile>
    <ClCompile Include="bak_7568.cpp">
      <Filter>소스 파일\cote-study\01</Filter>
    </ClCompile>
    <ClCompile Include="bak_9375.cpp">
      <Filter>소스 파일\cote-study\01</Filter>
    </ClCompile>
    <ClCompile Include="bak_10808.cpp">
      <Filter>소스 파일\cote-study\01</Filter>
    </ClCompile>
    <ClCompile Include="bak_10988.cpp">
      <Filter>소스 파일\cote-study\01</Filter>
    </ClCompile>
    <ClCompile Include="bak_11655.cpp">
      <Filter>소스 파일\cote-study\01</Filter>
    </ClCompile>
    <ClCompile Include="bak_15654.cpp">
      <Filter>소스 파일\cote-study\02</Filter>
    </ClCompile>
    <ClCompile Include="bak_1926.cpp">
      <Filter>소스 파일\cote-study\02</Filter>
    </ClCompile>
    <ClCompile Include="bak_2636.cpp">
      <Filter>소스 파일\cote-study\02</Filter>
    </ClCompile>
    <ClCompile Include="bak_3986.cpp">
      <Filter>소스 파일\cote-study\02</Filter>
    </ClCompile>
    <ClCompile Include="bak_12851.cpp">
      <Filter>소스 파일\cote-study\02</Filter>
    </ClCompile>
    <ClCompile Include="bak_13913.cpp">
      <Filter>소스 파일\cote-study\02</Filter>
    </ClCompile>
    <ClCompile Include="bak_1189.cpp">
      <Filter>소스 파일\cote-study\02</Filter>
    </ClCompile>
    <ClCompile Include="toss_01.cpp">
      <Filter>소스 파일\2020_toss_server</Filter>
    </ClCompile>
    <ClCompile Include="toss_02.cpp">
      <Filter>소스 파일\2020_toss_server</Filter>
    </ClCompile>
    <ClCompile Include="toss_03.cpp">
      <Filter>소스 파일\2020_toss_server</Filter>
    </ClCompile>
    <ClCompile Include="toss_04.cpp">
      <Filter>소스 파일\2020_toss_server</Filter>
    </ClCompile>
    <ClCompile Include="toss_05.cpp">
      <Filter>소스 파일\2020_toss_server</Filter>
    </ClCompile>
    <ClCompile Include="toss_06.cpp">
      <Filter>소스 파일\2020_toss_server</Filter>
    </ClCompile>
    <ClCompile Include="toss_07.cpp">
      <Filter>소스 파일\2020_toss_server</Filter>
    </ClCompile>
    <ClCompile Include="bak_1676.cpp">
      <Filter>소스 파일\cote-study\02</Filter>
    </ClCompile>
    <ClCompile Include="base.cpp">
      <Filter>소스 파일\cote-study</Filter>
    </ClCompile>
    <ClCompile Include="bak_7569.cpp">
      <Filter>소스 파일\cote-study\02</Filter>
    </ClCompile>
    <ClCompile Include="bak_1940.cpp">
      <Filter>소스 파일\cote-study\02</Filter>
    </ClCompile>
    <ClCompile Include="bak_1436.cpp">
      <Filter>소스 파일\cote-study\02</Filter>
    </ClCompile>
    <ClCompile Include="bak_2852.cpp">
      <Filter>소스 파일\cote-study\02</Filter>
    </ClCompile>
    <ClCompile Include="bak_1987.cpp">
      <Filter>소스 파일\cote-study\02</Filter>
    </ClCompile>
    <ClCompile Include="bak_2589.cpp">
      <Filter>소스 파일\cote-study\02</Filter>
    </ClCompile>
    <ClCompile Include="bak_14497.cpp">
      <Filter>소스 파일\cote-study\02</Filter>
    </ClCompile>
    <ClCompile Include="bak_4179.cpp">
      <Filter>소스 파일\cote-study\02</Filter>
    </ClCompile>
    <ClCompile Include="bak_16234.cpp">
      <Filter>소스 파일\cote-study\02</Filter>
    </ClCompile>
    <ClCompile Include="bak_12869.cpp">
      <Filter>소스 파일\cote-study\02</Filter>
    </ClCompile>
    <ClCompile Include="bak_15686.cpp">
      <Filter>소스 파일\cote-study\02</Filter>
    </ClCompile>
    <ClCompile Include="bak_14620.cpp">
      <Filter>소스 파일\cote-study\03</Filter>
    </ClCompile>
    <ClCompile Include="bak_1213.cpp">
      <Filter>소스 파일\cote-study\03</Filter>
    </ClCompile>
    <ClCompile Include="bak_4949.cpp">
      <Filter>소스 파일\cote-study\03</Filter>
    </ClCompile>
    <ClCompile Include="bak_5014.cpp">
      <Filter>소스 파일\cote-study\03</Filter>
    </ClCompile>
    <ClCompile Include="bak_14867.cpp">
      <Filter>소스 파일\cote-study\03</Filter>
    </ClCompile>
    <ClCompile Include="bak_10026.cpp">
      <Filter>소스 파일\cote-study\03</Filter>
    </ClCompile>
    <ClCompile Include="bak_17836.cpp">
      <Filter>소스 파일\cote-study\03</Filter>
    </ClCompile>
    <ClCompile Include="bak_17244.cpp">
      <Filter>소스 파일\cote-study\03</Filter>
    </ClCompile>
    <ClCompile Include="bak_15663.cpp">
      <Filter>소스 파일\cote-study\03</Filter>
    </ClCompile>
    <ClCompile Include="bak_3197%28normal%29.cpp">
      <Filter>소스 파일\cote-study\03</Filter>
    </ClCompile>
    <ClCompile Include="bak_3197.cpp">
      <Filter>소스 파일\cote-study\03</Filter>
    </ClCompile>
    <ClCompile Include="bak_2146.cpp">
      <Filter>소스 파일\cote-study\03</Filter>
    </ClCompile>
    <ClCompile Include="bak_2206.cpp">
      <Filter>소스 파일\cote-study\03</Filter>
    </ClCompile>
    <ClCompile Include="bak_17071.cpp">
      <Filter>소스 파일\cote-study\03</Filter>
    </ClCompile>
    <ClCompile Include="bak_9663.cpp">
      <Filter>소스 파일\cote-study\04</Filter>
    </ClCompile>
    <ClCompile Include="bak_17141.cpp">
      <Filter>소스 파일\cote-study\04</Filter>
    </ClCompile>
    <ClCompile Include="bak_1062.cpp">
      <Filter>소스 파일\cote-study\04</Filter>
    </ClCompile>
    <ClCompile Include="bak_6987.cpp">
      <Filter>소스 파일\cote-study\04</Filter>
    </ClCompile>
    <ClCompile Include="bak_3967.cpp">
      <Filter>소스 파일\cote-study\04</Filter>
    </ClCompile>
    <ClCompile Include="bak_16954.cpp">
      <Filter>소스 파일\cote-study\04</Filter>
    </ClCompile>
    <ClCompile Include="bak_2529.cpp">
      <Filter>소스 파일\cote-study\04</Filter>
    </ClCompile>
    <ClCompile Include="5052(전화번호목록).cpp">
      <Filter>소스 파일\bakjun\문자열</Filter>
    </ClCompile>
    <ClCompile Include="bak_16929.cpp">
      <Filter>소스 파일\cote-study\04</Filter>
    </ClCompile>
    <ClCompile Include="bak_1057.cpp">
      <Filter>소스 파일\cote-study\05</Filter>
    </ClCompile>
    <ClCompile Include="bak_14889.cpp">
      <Filter>소스 파일\cote-study\05</Filter>
    </ClCompile>
    <ClCompile Include="bak_17142.cpp">
      <Filter>소스 파일\cote-study\05</Filter>
    </ClCompile>
    <ClCompile Include="bak_14888.cpp">
      <Filter>소스 파일\cote-study\05</Filter>
    </ClCompile>
    <ClCompile Include="ebay_01.cpp">
      <Filter>소스 파일\2020_ebay</Filter>
    </ClCompile>
    <ClCompile Include="ebay_02.cpp">
      <Filter>소스 파일\2020_ebay</Filter>
    </ClCompile>
    <ClCompile Include="ebay_03.cpp">
      <Filter>소스 파일\2020_ebay</Filter>
    </ClCompile>
    <ClCompile Include="ebay_04.cpp">
      <Filter>소스 파일\2020_ebay</Filter>
    </ClCompile>
    <ClCompile Include="ebay_05.cpp">
      <Filter>소스 파일\2020_ebay</Filter>
    </ClCompile>
    <ClCompile Include="bak_15683.cpp">
      <Filter>소스 파일\cote-study\05</Filter>
    </ClCompile>
    <ClCompile Include="bak_17070.cpp">
      <Filter>소스 파일\cote-study\05</Filter>
    </ClCompile>
    <ClCompile Include="bak_1911.cpp">
      <Filter>소스 파일\cote-study\05</Filter>
    </ClCompile>
    <ClCompile Include="bak_17471.cpp">
      <Filter>소스 파일\cote-study\05</Filter>
    </ClCompile>
    <ClCompile Include="experiment.cpp">
      <Filter>소스 파일\cote-study</Filter>
    </ClCompile>
    <ClCompile Include="bak_17406.cpp">
      <Filter>소스 파일\cote-study\05</Filter>
    </ClCompile>
    <ClCompile Include="bak_2234.cpp">
      <Filter>소스 파일\cote-study\05</Filter>
    </ClCompile>
    <ClCompile Include="bak_17822.cpp">
      <Filter>소스 파일\cote-study\05</Filter>
    </ClCompile>
    <ClCompile Include="bak_17837.cpp">
      <Filter>소스 파일\cote-study\05</Filter>
    </ClCompile>
    <ClCompile Include="bak_1926(그림).cpp">
      <Filter>소스 파일\bakjun\BFS</Filter>
    </ClCompile>
    <ClCompile Include="1655(가운데를 말해요).cpp">
      <Filter>소스 파일\bakjun</Filter>
    </ClCompile>
    <ClCompile Include="1927(최소힙).cpp">
      <Filter>소스 파일\bakjun</Filter>
    </ClCompile>
    <ClCompile Include="10773(제로).cpp">
      <Filter>소스 파일\bakjun</Filter>
    </ClCompile>
    <ClCompile Include="kakao_01.cpp">
      <Filter>소스 파일\2020_kakao_blind</Filter>
    </ClCompile>
    <ClCompile Include="kakao_02.cpp">
      <Filter>소스 파일\2020_kakao_blind</Filter>
    </ClCompile>
    <ClCompile Include="kakao_03.cpp">
      <Filter>소스 파일\2020_kakao_blind</Filter>
    </ClCompile>
    <ClCompile Include="kakao_04.cpp">
      <Filter>소스 파일\2020_kakao_blind</Filter>
    </ClCompile>
    <ClCompile Include="line_01.cpp">
      <Filter>소스 파일\2020_LINE</Filter>
    </ClCompile>
    <ClCompile Include="line_02.cpp">
      <Filter>소스 파일\2020_LINE</Filter>
    </ClCompile>
    <ClCompile Include="line_03.cpp">
      <Filter>소스 파일\2020_LINE</Filter>
    </ClCompile>
    <ClCompile Include="line_04.cpp">
      <Filter>소스 파일\2020_LINE</Filter>
    </ClCompile>
    <ClCompile Include="line_05.cpp">
      <Filter>소스 파일\2020_LINE</Filter>
    </ClCompile>
    <ClCompile Include="line_06.cpp">
      <Filter>소스 파일\2020_LINE</Filter>
    </ClCompile>
    <ClCompile Include="bak_16235.cpp">
      <Filter>소스 파일\cote-study\05</Filter>
    </ClCompile>
    <ClCompile Include="14503(로봇청소기).cpp">
      <Filter>소스 파일\bakjun\구현</Filter>
    </ClCompile>
    <ClCompile Include="14500(테크로미노).cpp">
      <Filter>소스 파일\bakjun\구현</Filter>
    </ClCompile>
    <ClCompile Include="bak_17143.cpp">
      <Filter>소스 파일\cote-study\04</Filter>
    </ClCompile>
    <ClCompile Include="bak_11047.cpp">
      <Filter>소스 파일\cote-study\06</Filter>
    </ClCompile>
    <ClCompile Include="bak_4796.cpp">
      <Filter>소스 파일\cote-study\06</Filter>
    </ClCompile>
    <ClCompile Include="bak_2422.cpp">
      <Filter>소스 파일\cote-study\06</Filter>
    </ClCompile>
    <ClCompile Include="bak_2847.cpp">
      <Filter>소스 파일\cote-study\06</Filter>
    </ClCompile>
    <ClCompile Include="bak_18808.cpp">
      <Filter>소스 파일\cote-study\06</Filter>
    </ClCompile>
    <ClCompile Include="bak_1600.cpp">
      <Filter>소스 파일\cote-study\06</Filter>
    </ClCompile>
    <ClCompile Include="bak_1449.cpp">
      <Filter>소스 파일\cote-study\06</Filter>
    </ClCompile>
    <ClCompile Include="bak_1931.cpp">
      <Filter>소스 파일\cote-study\06</Filter>
    </ClCompile>
    <ClCompile Include="bka_1202.cpp">
      <Filter>소스 파일\cote-study\06</Filter>
    </ClCompile>
    <ClCompile Include="bak_7795.cpp">
      <Filter>소스 파일\cote-study\07</Filter>
    </ClCompile>
    <ClCompile Include="bak_3020.cpp">
      <Filter>소스 파일\cote-study\07</Filter>
    </ClCompile>
    <ClCompile Include="bak_11559(뿌요뿌요).cpp">
      <Filter>소스 파일\cote-study\08-re</Filter>
    </ClCompile>
    <ClCompile Include="bak_3197(백조의호수).cpp">
      <Filter>소스 파일\cote-study\08-re</Filter>
    </ClCompile>
    <ClCompile Include="bak_16954(움직이는미로탈출).cpp">
      <Filter>소스 파일\cote-study\08-re</Filter>
    </ClCompile>
    <ClCompile Include="bak_17071(숨바꼭질5).cpp">
      <Filter>소스 파일\cote-study\08-re</Filter>
    </ClCompile>
    <ClCompile Include="bak_2206(벽부수고이동).cpp">
      <Filter>소스 파일\cote-study\08-re</Filter>
    </ClCompile>
    <ClCompile Include="bak_17144(미세먼지안녕).cpp">
      <Filter>소스 파일\cote-study\08-re</Filter>
    </ClCompile>
    <ClCompile Include="bak_12100(2048).cpp">
      <Filter>소스 파일\cote-study\08-re</Filter>
    </ClCompile>
    <ClCompile Include="bak_2109(순회강연).cpp">
      <Filter>소스 파일\cote-study\08-re</Filter>
    </ClCompile>
    <ClCompile Include="bak_17471(게리멘더링).cpp">
      <Filter>소스 파일\cote-study\09</Filter>
    </ClCompile>
    <ClCompile Include="14719(빗물).cpp">
      <Filter>소스 파일\bakjun\구현</Filter>
    </ClCompile>
  </ItemGroup>
</Project>