<?xml version="1.0" encoding="utf-8"?>
<Project ToolsVersion="4.0" xmlns="http://schemas.microsoft.com/developer/msbuild/2003">
  <ItemGroup>
    <Filter Include="소스 파일">
      <UniqueIdentifier>{4FC737F1-C7A5-4376-A066-2A32D752A2FF}</UniqueIdentifier>
      <Extensions>cpp;c;cc;cxx;c++;def;odl;idl;hpj;bat;asm;asmx</Extensions>
    </Filter>
    <Filter Include="헤더 파일">
      <UniqueIdentifier>{93995380-89BD-4b04-88EB-625FBE52EBFB}</UniqueIdentifier>
      <Extensions>h;hh;hpp;hxx;h++;hm;inl;inc;ipp;xsd</Extensions>
    </Filter>
    <Filter Include="리소스 파일">
      <UniqueIdentifier>{67DA6AB6-F800-4c08-8B7A-83BB121AAD01}</UniqueIdentifier>
      <Extensions>rc;ico;cur;bmp;dlg;rc2;rct;bin;rgs;gif;jpg;jpeg;jpe;resx;tiff;tif;png;wav;mfcribbon-ms</Extensions>
    </Filter>
    <Filter Include="소스 파일\kakao_past">
      <UniqueIdentifier>{9df3f9a0-24a2-46e0-b081-f450d42ce142}</UniqueIdentifier>
    </Filter>
    <Filter Include="소스 파일\bakjun">
      <UniqueIdentifier>{97ad10a1-ea55-40be-a909-79ca6b9e5065}</UniqueIdentifier>
    </Filter>
    <Filter Include="소스 파일\programers">
      <UniqueIdentifier>{40fd5840-a8c6-4228-a2cf-72112518204c}</UniqueIdentifier>
    </Filter>
    <Filter Include="소스 파일\2020_kakao_internship">
      <UniqueIdentifier>{4abac3d1-0956-4c9d-9ae5-1ec46516d512}</UniqueIdentifier>
    </Filter>
  </ItemGroup>
  <ItemGroup>
    <ClCompile Include="19_candidate.cpp">
      <Filter>소스 파일\kakao_past</Filter>
    </ClCompile>
    <ClCompile Include="20_lock.cpp">
      <Filter>소스 파일\kakao_past</Filter>
    </ClCompile>
    <ClCompile Include="19_winter_banned.cpp">
      <Filter>소스 파일\kakao_past</Filter>
    </ClCompile>
    <ClCompile Include="2455(simul-train).cpp">
      <Filter>소스 파일\bakjun</Filter>
    </ClCompile>
    <ClCompile Include="18_song.cpp">
      <Filter>소스 파일\kakao_past</Filter>
    </ClCompile>
    <ClCompile Include="19_winter_hotelRoom.cpp">
      <Filter>소스 파일\kakao_past</Filter>
    </ClCompile>
    <ClCompile Include="19_winter_bridge.cpp">
      <Filter>소스 파일\kakao_past</Filter>
    </ClCompile>
    <ClCompile Include="15926(현욱이괄호왕).cpp">
      <Filter>소스 파일\bakjun</Filter>
    </ClCompile>
    <ClCompile Include="1972(놀라운문자열).cpp">
      <Filter>소스 파일\bakjun</Filter>
    </ClCompile>
    <ClCompile Include="test.cpp">
      <Filter>소스 파일\bakjun</Filter>
    </ClCompile>
    <ClCompile Include="2800(괄호제거).cpp">
      <Filter>소스 파일\bakjun</Filter>
    </ClCompile>
    <ClCompile Include="10808(알파벳갯수).cpp">
      <Filter>소스 파일\bakjun</Filter>
    </ClCompile>
    <ClCompile Include="1475%28방번호%29-미완.cpp">
      <Filter>소스 파일\bakjun</Filter>
    </ClCompile>
    <ClCompile Include="2789(유학금지).cpp">
      <Filter>소스 파일\bakjun</Filter>
    </ClCompile>
    <ClCompile Include="9996%28한국그리움서버접속%29-미완.cpp">
      <Filter>소스 파일\bakjun</Filter>
    </ClCompile>
    <ClCompile Include="큰수만들기.cpp">
      <Filter>소스 파일\programers</Filter>
    </ClCompile>
    <ClCompile Include="01.cpp">
      <Filter>소스 파일\2020_kakao_internship</Filter>
    </ClCompile>
    <ClCompile Include="02.cpp">
      <Filter>소스 파일\2020_kakao_internship</Filter>
    </ClCompile>
    <ClCompile Include="03.cpp">
      <Filter>소스 파일\2020_kakao_internship</Filter>
    </ClCompile>
    <ClCompile Include="04.cpp">
      <Filter>소스 파일\2020_kakao_internship</Filter>
    </ClCompile>
    <ClCompile Include="05.cpp">
      <Filter>소스 파일\2020_kakao_internship</Filter>
    </ClCompile>
  </ItemGroup>
</Project>