<?xml version="1.0" encoding="utf-8"?>
<Project ToolsVersion="4.0" xmlns="http://schemas.microsoft.com/developer/msbuild/2003">
  <ItemGroup>
    <Filter Include="소스 파일">
      <UniqueIdentifier>{4FC737F1-C7A5-4376-A066-2A32D752A2FF}</UniqueIdentifier>
      <Extensions>cpp;c;cc;cxx;c++;def;odl;idl;hpj;bat;asm;asmx</Extensions>
    </Filter>
    <Filter Include="헤더 파일">
      <UniqueIdentifier>{93995380-89BD-4b04-88EB-625FBE52EBFB}</UniqueIdentifier>
      <Extensions>h;hh;hpp;hxx;h++;hm;inl;inc;ipp;xsd</Extensions>
    </Filter>
    <Filter Include="리소스 파일">
      <UniqueIdentifier>{67DA6AB6-F800-4c08-8B7A-83BB121AAD01}</UniqueIdentifier>
      <Extensions>rc;ico;cur;bmp;dlg;rc2;rct;bin;rgs;gif;jpg;jpeg;jpe;resx;tiff;tif;png;wav;mfcribbon-ms</Extensions>
    </Filter>
    <Filter Include="소스 파일\kakao_past">
      <UniqueIdentifier>{9df3f9a0-24a2-46e0-b081-f450d42ce142}</UniqueIdentifier>
    </Filter>
    <Filter Include="소스 파일\bakjun">
      <UniqueIdentifier>{97ad10a1-ea55-40be-a909-79ca6b9e5065}</UniqueIdentifier>
    </Filter>
    <Filter Include="소스 파일\programers">
      <UniqueIdentifier>{40fd5840-a8c6-4228-a2cf-72112518204c}</UniqueIdentifier>
    </Filter>
    <Filter Include="소스 파일\2020_kakao_internship">
      <UniqueIdentifier>{4abac3d1-0956-4c9d-9ae5-1ec46516d512}</UniqueIdentifier>
    </Filter>
    <Filter Include="소스 파일\bakjun\문자열">
      <UniqueIdentifier>{7b746333-3537-4aa3-bd1a-ee7a354f6cb4}</UniqueIdentifier>
    </Filter>
    <Filter Include="소스 파일\bakjun\정렬">
      <UniqueIdentifier>{42a6b99a-4417-4cfd-9398-01367876ebf8}</UniqueIdentifier>
    </Filter>
    <Filter Include="소스 파일\bakjun\이분탐색">
      <UniqueIdentifier>{cb1a1ca4-df28-403e-9328-4660963643fc}</UniqueIdentifier>
    </Filter>
    <Filter Include="소스 파일\bakjun\슬라이딩윈도우">
      <UniqueIdentifier>{a22783ca-46fd-4827-a484-81f6e391a9f9}</UniqueIdentifier>
    </Filter>
    <Filter Include="소스 파일\midas_codingTest">
      <UniqueIdentifier>{f2465eb8-44cd-4c40-8c10-9587ef57dc65}</UniqueIdentifier>
    </Filter>
    <Filter Include="소스 파일\bakjun\BFS">
      <UniqueIdentifier>{c36bd06d-70e6-4d5d-8db4-fb769b09dc31}</UniqueIdentifier>
    </Filter>
    <Filter Include="소스 파일\bakjun\브루트포스">
      <UniqueIdentifier>{05a66d1a-8b25-4be1-b58f-52a89f6a8ecc}</UniqueIdentifier>
    </Filter>
    <Filter Include="소스 파일\cote-study">
      <UniqueIdentifier>{be190c40-ed23-49a4-841f-2f2f0cdebd13}</UniqueIdentifier>
    </Filter>
    <Filter Include="소스 파일\cote-study\01">
      <UniqueIdentifier>{0855e753-a99d-4c85-98a6-30e1b0a55a84}</UniqueIdentifier>
    </Filter>
    <Filter Include="소스 파일\cote-study\02">
      <UniqueIdentifier>{181a3a5a-0e4d-4bf7-98c0-df07d1f4a863}</UniqueIdentifier>
    </Filter>
    <Filter Include="소스 파일\2020_toss_server">
      <UniqueIdentifier>{39188337-6b16-430b-8e2d-59dceeb234e6}</UniqueIdentifier>
    </Filter>
  </ItemGroup>
  <ItemGroup>
    <ClCompile Include="19_candidate.cpp">
      <Filter>소스 파일\kakao_past</Filter>
    </ClCompile>
    <ClCompile Include="20_lock.cpp">
      <Filter>소스 파일\kakao_past</Filter>
    </ClCompile>
    <ClCompile Include="19_winter_banned.cpp">
      <Filter>소스 파일\kakao_past</Filter>
    </ClCompile>
    <ClCompile Include="2455(simul-train).cpp">
      <Filter>소스 파일\bakjun</Filter>
    </ClCompile>
    <ClCompile Include="18_song.cpp">
      <Filter>소스 파일\kakao_past</Filter>
    </ClCompile>
    <ClCompile Include="19_winter_hotelRoom.cpp">
      <Filter>소스 파일\kakao_past</Filter>
    </ClCompile>
    <ClCompile Include="19_winter_bridge.cpp">
      <Filter>소스 파일\kakao_past</Filter>
    </ClCompile>
    <ClCompile Include="15926(현욱이괄호왕).cpp">
      <Filter>소스 파일\bakjun</Filter>
    </ClCompile>
    <ClCompile Include="1972(놀라운문자열).cpp">
      <Filter>소스 파일\bakjun</Filter>
    </ClCompile>
    <ClCompile Include="test.cpp">
      <Filter>소스 파일\bakjun</Filter>
    </ClCompile>
    <ClCompile Include="2800(괄호제거).cpp">
      <Filter>소스 파일\bakjun</Filter>
    </ClCompile>
    <ClCompile Include="10808(알파벳갯수).cpp">
      <Filter>소스 파일\bakjun</Filter>
    </ClCompile>
    <ClCompile Include="2789(유학금지).cpp">
      <Filter>소스 파일\bakjun</Filter>
    </ClCompile>
    <ClCompile Include="큰수만들기.cpp">
      <Filter>소스 파일\programers</Filter>
    </ClCompile>
    <ClCompile Include="01.cpp">
      <Filter>소스 파일\2020_kakao_internship</Filter>
    </ClCompile>
    <ClCompile Include="02.cpp">
      <Filter>소스 파일\2020_kakao_internship</Filter>
    </ClCompile>
    <ClCompile Include="03.cpp">
      <Filter>소스 파일\2020_kakao_internship</Filter>
    </ClCompile>
    <ClCompile Include="04.cpp">
      <Filter>소스 파일\2020_kakao_internship</Filter>
    </ClCompile>
    <ClCompile Include="05.cpp">
      <Filter>소스 파일\2020_kakao_internship</Filter>
    </ClCompile>
    <ClCompile Include="1475(방번호).cpp">
      <Filter>소스 파일\bakjun\문자열</Filter>
    </ClCompile>
    <ClCompile Include="10989(수정렬하기3).cpp">
      <Filter>소스 파일\bakjun\정렬</Filter>
    </ClCompile>
    <ClCompile Include="2512(예산).cpp">
      <Filter>소스 파일\bakjun\이분탐색</Filter>
    </ClCompile>
    <ClCompile Include="2110(공유기).cpp">
      <Filter>소스 파일\bakjun\이분탐색</Filter>
    </ClCompile>
    <ClCompile Include="1654(랜선자르기).cpp">
      <Filter>소스 파일\bakjun\이분탐색</Filter>
    </ClCompile>
    <ClCompile Include="11003(최솟값찾기).cpp">
      <Filter>소스 파일\bakjun\슬라이딩윈도우</Filter>
    </ClCompile>
    <ClCompile Include="사각형_좌표구하기(비트연산).cpp">
      <Filter>소스 파일\programers</Filter>
    </ClCompile>
    <ClCompile Include="다음큰자연수%282진수처리%29.cpp">
      <Filter>소스 파일\programers</Filter>
    </ClCompile>
    <ClCompile Include="0523_02.cpp">
      <Filter>소스 파일\midas_codingTest</Filter>
    </ClCompile>
    <ClCompile Include="0523_01.cpp">
      <Filter>소스 파일\midas_codingTest</Filter>
    </ClCompile>
    <ClCompile Include="0523_03.cpp">
      <Filter>소스 파일\midas_codingTest</Filter>
    </ClCompile>
    <ClCompile Include="skill2(baseball_game).cpp">
      <Filter>소스 파일\programers</Filter>
    </ClCompile>
    <ClCompile Include="skill2(block).cpp">
      <Filter>소스 파일\programers</Filter>
    </ClCompile>
    <ClCompile Include="skill2(iron_suite).cpp">
      <Filter>소스 파일\programers</Filter>
    </ClCompile>
    <ClCompile Include="skill2(n개_최소공배수)cpp.cpp">
      <Filter>소스 파일\programers</Filter>
    </ClCompile>
    <ClCompile Include="skill2%28최소값최대값%29.cpp">
      <Filter>소스 파일\programers</Filter>
    </ClCompile>
    <ClCompile Include="skill2%28프린터%29.cpp">
      <Filter>소스 파일\programers</Filter>
    </ClCompile>
    <ClCompile Include="skill2%28스킬트리%29-미완성.cpp">
      <Filter>소스 파일\programers</Filter>
    </ClCompile>
    <ClCompile Include="skill2%28기능개발%29-미완성.cpp">
      <Filter>소스 파일\programers</Filter>
    </ClCompile>
    <ClCompile Include="skill2%28조이스틱%29-미완성.cpp">
      <Filter>소스 파일\programers</Filter>
    </ClCompile>
    <ClCompile Include="9996%28한국그리움서버접속%29.cpp">
      <Filter>소스 파일\bakjun\문자열</Filter>
    </ClCompile>
    <ClCompile Include="최솟값만들기.cpp">
      <Filter>소스 파일\programers</Filter>
    </ClCompile>
    <ClCompile Include="skill4(게임맵최단거리).cpp">
      <Filter>소스 파일\programers</Filter>
    </ClCompile>
    <ClCompile Include="2178(미로탐색).cpp">
      <Filter>소스 파일\bakjun\BFS</Filter>
    </ClCompile>
    <ClCompile Include="2667(단지번호붙이기).cpp">
      <Filter>소스 파일\bakjun\BFS</Filter>
    </ClCompile>
    <ClCompile Include="5014(스타트링크).cpp">
      <Filter>소스 파일\bakjun\BFS</Filter>
    </ClCompile>
    <ClCompile Include="14502(연구소).cpp">
      <Filter>소스 파일\bakjun\BFS</Filter>
    </ClCompile>
    <ClCompile Include="1012(유기농배추).cpp">
      <Filter>소스 파일\bakjun\BFS</Filter>
    </ClCompile>
    <ClCompile Include="2798(블랙잭).cpp">
      <Filter>소스 파일\bakjun\브루트포스</Filter>
    </ClCompile>
    <ClCompile Include="7568(덩치).cpp">
      <Filter>소스 파일\bakjun\브루트포스</Filter>
    </ClCompile>
    <ClCompile Include="1018(체스판다시칠하기).cpp">
      <Filter>소스 파일\bakjun\브루트포스</Filter>
    </ClCompile>
    <ClCompile Include="1436((영화감독숌).cpp">
      <Filter>소스 파일\bakjun\브루트포스</Filter>
    </ClCompile>
    <ClCompile Include="bak_14502.cpp">
      <Filter>소스 파일\cote-study\01</Filter>
    </ClCompile>
    <ClCompile Include="bak_1012.cpp">
      <Filter>소스 파일\cote-study\01</Filter>
    </ClCompile>
    <ClCompile Include="bak_1343.cpp">
      <Filter>소스 파일\cote-study\01</Filter>
    </ClCompile>
    <ClCompile Include="bak_1620.cpp">
      <Filter>소스 파일\cote-study\01</Filter>
    </ClCompile>
    <ClCompile Include="bak_2178.cpp">
      <Filter>소스 파일\cote-study\01</Filter>
    </ClCompile>
    <ClCompile Include="bak_2309.cpp">
      <Filter>소스 파일\cote-study\01</Filter>
    </ClCompile>
    <ClCompile Include="bak_2468.cpp">
      <Filter>소스 파일\cote-study\01</Filter>
    </ClCompile>
    <ClCompile Include="bak_2526.cpp">
      <Filter>소스 파일\cote-study\01</Filter>
    </ClCompile>
    <ClCompile Include="bak_2583.cpp">
      <Filter>소스 파일\cote-study\01</Filter>
    </ClCompile>
    <ClCompile Include="bak_2628.cpp">
      <Filter>소스 파일\cote-study\01</Filter>
    </ClCompile>
    <ClCompile Include="bak_2828.cpp">
      <Filter>소스 파일\cote-study\01</Filter>
    </ClCompile>
    <ClCompile Include="bak_2910.cpp">
      <Filter>소스 파일\cote-study\01</Filter>
    </ClCompile>
    <ClCompile Include="bak_2979.cpp">
      <Filter>소스 파일\cote-study\01</Filter>
    </ClCompile>
    <ClCompile Include="bak_3474.cpp">
      <Filter>소스 파일\cote-study\01</Filter>
    </ClCompile>
    <ClCompile Include="bak_4659cpp.cpp">
      <Filter>소스 파일\cote-study\01</Filter>
    </ClCompile>
    <ClCompile Include="bak_7568.cpp">
      <Filter>소스 파일\cote-study\01</Filter>
    </ClCompile>
    <ClCompile Include="bak_9375.cpp">
      <Filter>소스 파일\cote-study\01</Filter>
    </ClCompile>
    <ClCompile Include="bak_10808.cpp">
      <Filter>소스 파일\cote-study\01</Filter>
    </ClCompile>
    <ClCompile Include="bak_10988.cpp">
      <Filter>소스 파일\cote-study\01</Filter>
    </ClCompile>
    <ClCompile Include="bak_11655.cpp">
      <Filter>소스 파일\cote-study\01</Filter>
    </ClCompile>
    <ClCompile Include="bak_15654.cpp">
      <Filter>소스 파일\cote-study\02</Filter>
    </ClCompile>
    <ClCompile Include="bak_1926.cpp">
      <Filter>소스 파일\cote-study\02</Filter>
    </ClCompile>
    <ClCompile Include="bak_2636.cpp">
      <Filter>소스 파일\cote-study\02</Filter>
    </ClCompile>
    <ClCompile Include="bak_3986.cpp">
      <Filter>소스 파일\cote-study\02</Filter>
    </ClCompile>
    <ClCompile Include="bak_12851.cpp">
      <Filter>소스 파일\cote-study\02</Filter>
    </ClCompile>
    <ClCompile Include="bak_13913.cpp">
      <Filter>소스 파일\cote-study\02</Filter>
    </ClCompile>
    <ClCompile Include="bak_1189.cpp">
      <Filter>소스 파일\cote-study\02</Filter>
    </ClCompile>
    <ClCompile Include="toss_01.cpp">
      <Filter>소스 파일\2020_toss_server</Filter>
    </ClCompile>
    <ClCompile Include="toss_02.cpp">
      <Filter>소스 파일\2020_toss_server</Filter>
    </ClCompile>
    <ClCompile Include="toss_03.cpp">
      <Filter>소스 파일\2020_toss_server</Filter>
    </ClCompile>
    <ClCompile Include="toss_04.cpp">
      <Filter>소스 파일\2020_toss_server</Filter>
    </ClCompile>
    <ClCompile Include="toss_05.cpp">
      <Filter>소스 파일\2020_toss_server</Filter>
    </ClCompile>
    <ClCompile Include="toss_06.cpp">
      <Filter>소스 파일\2020_toss_server</Filter>
    </ClCompile>
    <ClCompile Include="toss_07.cpp">
      <Filter>소스 파일\2020_toss_server</Filter>
    </ClCompile>
    <ClCompile Include="bak_1676.cpp">
      <Filter>소스 파일\cote-study\02</Filter>
    </ClCompile>
    <ClCompile Include="base.cpp">
      <Filter>소스 파일\cote-study</Filter>
    </ClCompile>
    <ClCompile Include="bak_7569.cpp">
      <Filter>소스 파일\cote-study\02</Filter>
    </ClCompile>
    <ClCompile Include="bak_1940.cpp">
      <Filter>소스 파일\cote-study\02</Filter>
    </ClCompile>
    <ClCompile Include="bak_1436.cpp">
      <Filter>소스 파일\cote-study\02</Filter>
    </ClCompile>
    <ClCompile Include="bak_2852.cpp">
      <Filter>소스 파일\cote-study\02</Filter>
    </ClCompile>
    <ClCompile Include="bak_1987.cpp">
      <Filter>소스 파일\cote-study\02</Filter>
    </ClCompile>
    <ClCompile Include="bak_2589.cpp">
      <Filter>소스 파일\cote-study\02</Filter>
    </ClCompile>
    <ClCompile Include="bak_14497.cpp">
      <Filter>소스 파일\cote-study\02</Filter>
    </ClCompile>
    <ClCompile Include="bak_4179.cpp">
      <Filter>소스 파일\cote-study\02</Filter>
    </ClCompile>
    <ClCompile Include="bak_16234.cpp">
      <Filter>소스 파일\cote-study\02</Filter>
    </ClCompile>
    <ClCompile Include="bak_12869.cpp">
      <Filter>소스 파일\cote-study\02</Filter>
    </ClCompile>
    <ClCompile Include="bak_15686.cpp">
      <Filter>소스 파일\cote-study\02</Filter>
    </ClCompile>
  </ItemGroup>
</Project>